
Microsoft Visual Studio Solution File, Format Version 12.00
# Visual Studio Version 17
VisualStudioVersion = 17.2.32630.192
MinimumVisualStudioVersion = 10.0.40219.1
Project("{FAE04EC0-301F-11D3-BF4B-00C04F79EFBC}") = "Obioha_VillaAPI", "Obioha_Villa\Obioha_VillaAPI.csproj", "{7C6C55B2-CE17-4D5B-B785-569E38B9A77A}"
EndProject
Global
	GlobalSection(SolutionConfigurationPlatforms) = preSolution
		Debug|Any CPU = Debug|Any CPU
		Release|Any CPU = Release|Any CPU
	EndGlobalSection
	GlobalSection(ProjectConfigurationPlatforms) = postSolution
		{7C6C55B2-CE17-4D5B-B785-569E38B9A77A}.Debug|Any CPU.ActiveCfg = Debug|Any CPU
		{7C6C55B2-CE17-4D5B-B785-569E38B9A77A}.Debug|Any CPU.Build.0 = Debug|Any CPU
		{7C6C55B2-CE17-4D5B-B785-569E38B9A77A}.Release|Any CPU.ActiveCfg = Release|Any CPU
		{7C6C55B2-CE17-4D5B-B785-569E38B9A77A}.Release|Any CPU.Build.0 = Release|Any CPU
	EndGlobalSection
	GlobalSection(SolutionProperties) = preSolution
		HideSolutionNode = FALSE
	EndGlobalSection
	GlobalSection(ExtensibilityGlobals) = postSolution
		SolutionGuid = {8EB9D657-CA71-4605-8AD3-655B83D18821}
	EndGlobalSection
EndGlobal
